
Microsoft Visual Studio Solution File, Format Version 12.00
# Visual Studio 2012
Project("{FAE04EC0-301F-11D3-BF4B-00C04F79EFBC}") = "Searcher", "Searcher\Searcher.csproj", "{F0202FED-78CC-43D1-A9BE-EFDC23FA88AF}"
EndProject
Project("{FAE04EC0-301F-11D3-BF4B-00C04F79EFBC}") = "SearcherCore", "SearcherCore\SearcherCore.csproj", "{16003D86-73F6-40BA-AC99-78F268EA4B18}"
EndProject
Project("{2150E333-8FDC-42A3-9474-1A3956D46DE8}") = "Solution Items", "Solution Items", "{2BFBDAF8-97A7-40D6-AD35-D7200FE4B78F}"
	ProjectSection(SolutionItems) = preProject
		readme.txt = readme.txt
	EndProjectSection
EndProject
Project("{FAE04EC0-301F-11D3-BF4B-00C04F79EFBC}") = "NETSearcherPlug", "NETSearcherPlug\NETSearcherPlug.csproj", "{6CFF4195-A2D4-4CDC-8E2D-E90BAA8B97FD}"
EndProject
Project("{2150E333-8FDC-42A3-9474-1A3956D46DE8}") = "Plugins", "Plugins", "{0508F148-B626-44AC-95C3-34D11C7634A7}"
EndProject
Project("{FAE04EC0-301F-11D3-BF4B-00C04F79EFBC}") = "XMLSearcherPlug", "XMLSearcherPlug\XMLSearcherPlug.csproj", "{25631CD8-D507-4B99-84D9-87EB8177F805}"
EndProject
Project("{FAE04EC0-301F-11D3-BF4B-00C04F79EFBC}") = "SearcherExtensibility", "SearcherExtensibility\SearcherExtensibility.csproj", "{A693AC30-2C8B-4F43-8102-1DC3417E309F}"
EndProject
Global
	GlobalSection(SolutionConfigurationPlatforms) = preSolution
		Debug|Any CPU = Debug|Any CPU
		Release|Any CPU = Release|Any CPU
	EndGlobalSection
	GlobalSection(ProjectConfigurationPlatforms) = postSolution
		{F0202FED-78CC-43D1-A9BE-EFDC23FA88AF}.Debug|Any CPU.ActiveCfg = Debug|Any CPU
		{F0202FED-78CC-43D1-A9BE-EFDC23FA88AF}.Debug|Any CPU.Build.0 = Debug|Any CPU
		{F0202FED-78CC-43D1-A9BE-EFDC23FA88AF}.Release|Any CPU.ActiveCfg = Release|Any CPU
		{F0202FED-78CC-43D1-A9BE-EFDC23FA88AF}.Release|Any CPU.Build.0 = Release|Any CPU
		{16003D86-73F6-40BA-AC99-78F268EA4B18}.Debug|Any CPU.ActiveCfg = Debug|Any CPU
		{16003D86-73F6-40BA-AC99-78F268EA4B18}.Debug|Any CPU.Build.0 = Debug|Any CPU
		{16003D86-73F6-40BA-AC99-78F268EA4B18}.Release|Any CPU.ActiveCfg = Release|Any CPU
		{16003D86-73F6-40BA-AC99-78F268EA4B18}.Release|Any CPU.Build.0 = Release|Any CPU
		{6CFF4195-A2D4-4CDC-8E2D-E90BAA8B97FD}.Debug|Any CPU.ActiveCfg = Debug|Any CPU
		{6CFF4195-A2D4-4CDC-8E2D-E90BAA8B97FD}.Debug|Any CPU.Build.0 = Debug|Any CPU
		{6CFF4195-A2D4-4CDC-8E2D-E90BAA8B97FD}.Release|Any CPU.ActiveCfg = Release|Any CPU
		{6CFF4195-A2D4-4CDC-8E2D-E90BAA8B97FD}.Release|Any CPU.Build.0 = Release|Any CPU
		{25631CD8-D507-4B99-84D9-87EB8177F805}.Debug|Any CPU.ActiveCfg = Debug|Any CPU
		{25631CD8-D507-4B99-84D9-87EB8177F805}.Debug|Any CPU.Build.0 = Debug|Any CPU
		{25631CD8-D507-4B99-84D9-87EB8177F805}.Release|Any CPU.ActiveCfg = Release|Any CPU
		{25631CD8-D507-4B99-84D9-87EB8177F805}.Release|Any CPU.Build.0 = Release|Any CPU
		{A693AC30-2C8B-4F43-8102-1DC3417E309F}.Debug|Any CPU.ActiveCfg = Debug|Any CPU
		{A693AC30-2C8B-4F43-8102-1DC3417E309F}.Debug|Any CPU.Build.0 = Debug|Any CPU
		{A693AC30-2C8B-4F43-8102-1DC3417E309F}.Release|Any CPU.ActiveCfg = Release|Any CPU
		{A693AC30-2C8B-4F43-8102-1DC3417E309F}.Release|Any CPU.Build.0 = Release|Any CPU
	EndGlobalSection
	GlobalSection(SolutionProperties) = preSolution
		HideSolutionNode = FALSE
	EndGlobalSection
	GlobalSection(NestedProjects) = preSolution
		{6CFF4195-A2D4-4CDC-8E2D-E90BAA8B97FD} = {0508F148-B626-44AC-95C3-34D11C7634A7}
		{25631CD8-D507-4B99-84D9-87EB8177F805} = {0508F148-B626-44AC-95C3-34D11C7634A7}
	EndGlobalSection
EndGlobal
